
Microsoft Visual Studio Solution File, Format Version 12.00
# Visual Studio Version 16
VisualStudioVersion = 16.0.29519.87
MinimumVisualStudioVersion = 10.0.40219.1
Project("{9A19103F-16F7-4668-BE54-9A1E7A4F7556}") = "XpireServer", "XpireServer\XpireServer.csproj", "{CF7F9419-4A08-40E7-AEB4-040F14147195}"
EndProject
Project("{FAE04EC0-301F-11D3-BF4B-00C04F79EFBC}") = "XUnitXpireServerTests", "XUnitXpireServerTests\XUnitXpireServerTests.csproj", "{123951CE-BB02-4977-9F03-75B8642D1337}"
EndProject
Global
	GlobalSection(SolutionConfigurationPlatforms) = preSolution
		Debug|Any CPU = Debug|Any CPU
		Release|Any CPU = Release|Any CPU
	EndGlobalSection
	GlobalSection(ProjectConfigurationPlatforms) = postSolution
		{CF7F9419-4A08-40E7-AEB4-040F14147195}.Debug|Any CPU.ActiveCfg = Debug|Any CPU
		{CF7F9419-4A08-40E7-AEB4-040F14147195}.Debug|Any CPU.Build.0 = Debug|Any CPU
		{CF7F9419-4A08-40E7-AEB4-040F14147195}.Release|Any CPU.ActiveCfg = Release|Any CPU
		{CF7F9419-4A08-40E7-AEB4-040F14147195}.Release|Any CPU.Build.0 = Release|Any CPU
		{123951CE-BB02-4977-9F03-75B8642D1337}.Debug|Any CPU.ActiveCfg = Debug|Any CPU
		{123951CE-BB02-4977-9F03-75B8642D1337}.Debug|Any CPU.Build.0 = Debug|Any CPU
		{123951CE-BB02-4977-9F03-75B8642D1337}.Release|Any CPU.ActiveCfg = Release|Any CPU
		{123951CE-BB02-4977-9F03-75B8642D1337}.Release|Any CPU.Build.0 = Release|Any CPU
	EndGlobalSection
	GlobalSection(SolutionProperties) = preSolution
		HideSolutionNode = FALSE
	EndGlobalSection
	GlobalSection(ExtensibilityGlobals) = postSolution
		SolutionGuid = {C5BD062B-D16D-49D9-9F9A-A9155C3594D6}
	EndGlobalSection
EndGlobal
